
Microsoft Visual Studio Solution File, Format Version 12.00
# Visual Studio 14
VisualStudioVersion = 14.0.25123.0
MinimumVisualStudioVersion = 10.0.40219.1
Project("{FAE04EC0-301F-11D3-BF4B-00C04F79EFBC}") = "BassPlayer", "BassPlayer\BassPlayer.csproj", "{6FEF8850-880E-441E-AD56-B734137FAEF1}"
EndProject
Project("{FAE04EC0-301F-11D3-BF4B-00C04F79EFBC}") = "ColorSlider", "..\..\music project\ColorSlider\ColorSlider\ColorSlider.csproj", "{16E224DC-7FF0-4908-8318-D6A3AC2E797A}"
EndProject
Global
	GlobalSection(SolutionConfigurationPlatforms) = preSolution
		Debug|Any CPU = Debug|Any CPU
		Debug|x86 = Debug|x86
		Release|Any CPU = Release|Any CPU
		Release|x86 = Release|x86
	EndGlobalSection
	GlobalSection(ProjectConfigurationPlatforms) = postSolution
		{6FEF8850-880E-441E-AD56-B734137FAEF1}.Debug|Any CPU.ActiveCfg = Debug|x86
		{6FEF8850-880E-441E-AD56-B734137FAEF1}.Debug|Any CPU.Build.0 = Debug|x86
		{6FEF8850-880E-441E-AD56-B734137FAEF1}.Debug|x86.ActiveCfg = Debug|x86
		{6FEF8850-880E-441E-AD56-B734137FAEF1}.Debug|x86.Build.0 = Debug|x86
		{6FEF8850-880E-441E-AD56-B734137FAEF1}.Release|Any CPU.ActiveCfg = Release|Any CPU
		{6FEF8850-880E-441E-AD56-B734137FAEF1}.Release|Any CPU.Build.0 = Release|Any CPU
		{6FEF8850-880E-441E-AD56-B734137FAEF1}.Release|x86.ActiveCfg = Release|x86
		{6FEF8850-880E-441E-AD56-B734137FAEF1}.Release|x86.Build.0 = Release|x86
		{16E224DC-7FF0-4908-8318-D6A3AC2E797A}.Debug|Any CPU.ActiveCfg = Debug|Any CPU
		{16E224DC-7FF0-4908-8318-D6A3AC2E797A}.Debug|Any CPU.Build.0 = Debug|Any CPU
		{16E224DC-7FF0-4908-8318-D6A3AC2E797A}.Debug|x86.ActiveCfg = Debug|x86
		{16E224DC-7FF0-4908-8318-D6A3AC2E797A}.Debug|x86.Build.0 = Debug|x86
		{16E224DC-7FF0-4908-8318-D6A3AC2E797A}.Release|Any CPU.ActiveCfg = Release|Any CPU
		{16E224DC-7FF0-4908-8318-D6A3AC2E797A}.Release|Any CPU.Build.0 = Release|Any CPU
		{16E224DC-7FF0-4908-8318-D6A3AC2E797A}.Release|x86.ActiveCfg = Release|x86
		{16E224DC-7FF0-4908-8318-D6A3AC2E797A}.Release|x86.Build.0 = Release|x86
	EndGlobalSection
	GlobalSection(SolutionProperties) = preSolution
		HideSolutionNode = FALSE
	EndGlobalSection
EndGlobal
